
Microsoft Visual Studio Solution File, Format Version 12.00
# Visual Studio Version 16
VisualStudioVersion = 16.0.31624.102
MinimumVisualStudioVersion = 10.0.40219.1
Project("{FAE04EC0-301F-11D3-BF4B-00C04F79EFBC}") = "Stock Manager.Android", "Stock Manager.Android\Stock Manager.Android.csproj", "{5B3F1062-0BD3-4FB3-9B92-1BA61494BECD}"
EndProject
Project("{FAE04EC0-301F-11D3-BF4B-00C04F79EFBC}") = "Stock Manager.iOS", "Stock Manager.iOS\Stock Manager.iOS.csproj", "{23CA358E-36CF-4D77-8AD3-38074F9DAD06}"
EndProject
Project("{FAE04EC0-301F-11D3-BF4B-00C04F79EFBC}") = "Stock Manager", "Stock Manager\Stock Manager.csproj", "{C4B3B9E2-417F-465B-BB3F-6126CB9726BD}"
EndProject
Global
	GlobalSection(SolutionConfigurationPlatforms) = preSolution
		Debug|Any CPU = Debug|Any CPU
		Debug|iPhone = Debug|iPhone
		Debug|iPhoneSimulator = Debug|iPhoneSimulator
		Release|Any CPU = Release|Any CPU
		Release|iPhone = Release|iPhone
		Release|iPhoneSimulator = Release|iPhoneSimulator
	EndGlobalSection
	GlobalSection(ProjectConfigurationPlatforms) = postSolution
		{5B3F1062-0BD3-4FB3-9B92-1BA61494BECD}.Debug|Any CPU.ActiveCfg = Debug|Any CPU
		{5B3F1062-0BD3-4FB3-9B92-1BA61494BECD}.Debug|Any CPU.Build.0 = Debug|Any CPU
		{5B3F1062-0BD3-4FB3-9B92-1BA61494BECD}.Debug|Any CPU.Deploy.0 = Debug|Any CPU
		{5B3F1062-0BD3-4FB3-9B92-1BA61494BECD}.Debug|iPhone.ActiveCfg = Debug|Any CPU
		{5B3F1062-0BD3-4FB3-9B92-1BA61494BECD}.Debug|iPhone.Build.0 = Debug|Any CPU
		{5B3F1062-0BD3-4FB3-9B92-1BA61494BECD}.Debug|iPhone.Deploy.0 = Debug|Any CPU
		{5B3F1062-0BD3-4FB3-9B92-1BA61494BECD}.Debug|iPhoneSimulator.ActiveCfg = Debug|Any CPU
		{5B3F1062-0BD3-4FB3-9B92-1BA61494BECD}.Debug|iPhoneSimulator.Build.0 = Debug|Any CPU
		{5B3F1062-0BD3-4FB3-9B92-1BA61494BECD}.Debug|iPhoneSimulator.Deploy.0 = Debug|Any CPU
		{5B3F1062-0BD3-4FB3-9B92-1BA61494BECD}.Release|Any CPU.ActiveCfg = Release|Any CPU
		{5B3F1062-0BD3-4FB3-9B92-1BA61494BECD}.Release|Any CPU.Build.0 = Release|Any CPU
		{5B3F1062-0BD3-4FB3-9B92-1BA61494BECD}.Release|Any CPU.Deploy.0 = Release|Any CPU
		{5B3F1062-0BD3-4FB3-9B92-1BA61494BECD}.Release|iPhone.ActiveCfg = Release|Any CPU
		{5B3F1062-0BD3-4FB3-9B92-1BA61494BECD}.Release|iPhone.Build.0 = Release|Any CPU
		{5B3F1062-0BD3-4FB3-9B92-1BA61494BECD}.Release|iPhone.Deploy.0 = Release|Any CPU
		{5B3F1062-0BD3-4FB3-9B92-1BA61494BECD}.Release|iPhoneSimulator.ActiveCfg = Release|Any CPU
		{5B3F1062-0BD3-4FB3-9B92-1BA61494BECD}.Release|iPhoneSimulator.Build.0 = Release|Any CPU
		{5B3F1062-0BD3-4FB3-9B92-1BA61494BECD}.Release|iPhoneSimulator.Deploy.0 = Release|Any CPU
		{23CA358E-36CF-4D77-8AD3-38074F9DAD06}.Debug|Any CPU.ActiveCfg = Debug|iPhone
		{23CA358E-36CF-4D77-8AD3-38074F9DAD06}.Debug|Any CPU.Build.0 = Debug|iPhone
		{23CA358E-36CF-4D77-8AD3-38074F9DAD06}.Debug|Any CPU.Deploy.0 = Debug|iPhone
		{23CA358E-36CF-4D77-8AD3-38074F9DAD06}.Debug|iPhone.ActiveCfg = Debug|iPhone
		{23CA358E-36CF-4D77-8AD3-38074F9DAD06}.Debug|iPhone.Build.0 = Debug|iPhone
		{23CA358E-36CF-4D77-8AD3-38074F9DAD06}.Debug|iPhone.Deploy.0 = Debug|iPhone
		{23CA358E-36CF-4D77-8AD3-38074F9DAD06}.Debug|iPhoneSimulator.ActiveCfg = Debug|iPhoneSimulator
		{23CA358E-36CF-4D77-8AD3-38074F9DAD06}.Debug|iPhoneSimulator.Build.0 = Debug|iPhoneSimulator
		{23CA358E-36CF-4D77-8AD3-38074F9DAD06}.Debug|iPhoneSimulator.Deploy.0 = Debug|iPhoneSimulator
		{23CA358E-36CF-4D77-8AD3-38074F9DAD06}.Release|Any CPU.ActiveCfg = Release|iPhoneSimulator
		{23CA358E-36CF-4D77-8AD3-38074F9DAD06}.Release|Any CPU.Build.0 = Release|iPhoneSimulator
		{23CA358E-36CF-4D77-8AD3-38074F9DAD06}.Release|Any CPU.Deploy.0 = Release|iPhoneSimulator
		{23CA358E-36CF-4D77-8AD3-38074F9DAD06}.Release|iPhone.ActiveCfg = Release|iPhone
		{23CA358E-36CF-4D77-8AD3-38074F9DAD06}.Release|iPhone.Build.0 = Release|iPhone
		{23CA358E-36CF-4D77-8AD3-38074F9DAD06}.Release|iPhone.Deploy.0 = Release|iPhone
		{23CA358E-36CF-4D77-8AD3-38074F9DAD06}.Release|iPhoneSimulator.ActiveCfg = Release|iPhoneSimulator
		{23CA358E-36CF-4D77-8AD3-38074F9DAD06}.Release|iPhoneSimulator.Build.0 = Release|iPhoneSimulator
		{23CA358E-36CF-4D77-8AD3-38074F9DAD06}.Release|iPhoneSimulator.Deploy.0 = Release|iPhoneSimulator
		{C4B3B9E2-417F-465B-BB3F-6126CB9726BD}.Debug|Any CPU.ActiveCfg = Debug|Any CPU
		{C4B3B9E2-417F-465B-BB3F-6126CB9726BD}.Debug|Any CPU.Build.0 = Debug|Any CPU
		{C4B3B9E2-417F-465B-BB3F-6126CB9726BD}.Debug|Any CPU.Deploy.0 = Debug|Any CPU
		{C4B3B9E2-417F-465B-BB3F-6126CB9726BD}.Debug|iPhone.ActiveCfg = Debug|Any CPU
		{C4B3B9E2-417F-465B-BB3F-6126CB9726BD}.Debug|iPhone.Build.0 = Debug|Any CPU
		{C4B3B9E2-417F-465B-BB3F-6126CB9726BD}.Debug|iPhone.Deploy.0 = Debug|Any CPU
		{C4B3B9E2-417F-465B-BB3F-6126CB9726BD}.Debug|iPhoneSimulator.ActiveCfg = Debug|Any CPU
		{C4B3B9E2-417F-465B-BB3F-6126CB9726BD}.Debug|iPhoneSimulator.Build.0 = Debug|Any CPU
		{C4B3B9E2-417F-465B-BB3F-6126CB9726BD}.Debug|iPhoneSimulator.Deploy.0 = Debug|Any CPU
		{C4B3B9E2-417F-465B-BB3F-6126CB9726BD}.Release|Any CPU.ActiveCfg = Release|Any CPU
		{C4B3B9E2-417F-465B-BB3F-6126CB9726BD}.Release|Any CPU.Build.0 = Release|Any CPU
		{C4B3B9E2-417F-465B-BB3F-6126CB9726BD}.Release|Any CPU.Deploy.0 = Release|Any CPU
		{C4B3B9E2-417F-465B-BB3F-6126CB9726BD}.Release|iPhone.ActiveCfg = Release|Any CPU
		{C4B3B9E2-417F-465B-BB3F-6126CB9726BD}.Release|iPhone.Build.0 = Release|Any CPU
		{C4B3B9E2-417F-465B-BB3F-6126CB9726BD}.Release|iPhone.Deploy.0 = Release|Any CPU
		{C4B3B9E2-417F-465B-BB3F-6126CB9726BD}.Release|iPhoneSimulator.ActiveCfg = Release|Any CPU
		{C4B3B9E2-417F-465B-BB3F-6126CB9726BD}.Release|iPhoneSimulator.Build.0 = Release|Any CPU
		{C4B3B9E2-417F-465B-BB3F-6126CB9726BD}.Release|iPhoneSimulator.Deploy.0 = Release|Any CPU
	EndGlobalSection
	GlobalSection(SolutionProperties) = preSolution
		HideSolutionNode = FALSE
	EndGlobalSection
	GlobalSection(ExtensibilityGlobals) = postSolution
		SolutionGuid = {A800C207-5369-4977-B989-119502C8F2B1}
	EndGlobalSection
EndGlobal
